
Microsoft Visual Studio Solution File, Format Version 11.00
# Visual Studio 2010
Project("{FAE04EC0-301F-11D3-BF4B-00C04F79EFBC}") = "HawkSharp", "HawkSharp.csproj", "{87C863F0-6E90-4841-B1F2-8B0EDCF3235E}"
EndProject
Project("{FAE04EC0-301F-11D3-BF4B-00C04F79EFBC}") = "MotorUI", "..\MotorUI\MotorUI.csproj", "{B8FBFFD1-604A-4660-B0F6-D8837D48DBAD}"
EndProject
Project("{FAE04EC0-301F-11D3-BF4B-00C04F79EFBC}") = "HawkServer", "..\HawkServer\HawkServer.csproj", "{71010F08-B6DF-42AB-8DE9-CB3725FF9707}"
EndProject
Project("{FAE04EC0-301F-11D3-BF4B-00C04F79EFBC}") = "MobileHawk", "..\MobileHawk\MobileHawk.csproj", "{0C7627CF-BA88-47C8-886F-3FD3B8B91D7A}"
EndProject
Project("{FAE04EC0-301F-11D3-BF4B-00C04F79EFBC}") = "HawkClient", "..\HawkClient\HawkClient.csproj", "{941D3EE6-9FA9-4953-8DFC-0C844E5BAF5E}"
EndProject
Project("{FAE04EC0-301F-11D3-BF4B-00C04F79EFBC}") = "HawkIO", "..\HawkIO\HawkIO.csproj", "{BF52B332-B81B-4300-BC7C-05224FD39014}"
EndProject
Global
	GlobalSection(SolutionConfigurationPlatforms) = preSolution
		Debug|Any CPU = Debug|Any CPU
		Debug|Mixed Platforms = Debug|Mixed Platforms
		Debug|x86 = Debug|x86
		Release|Any CPU = Release|Any CPU
		Release|Mixed Platforms = Release|Mixed Platforms
		Release|x86 = Release|x86
	EndGlobalSection
	GlobalSection(ProjectConfigurationPlatforms) = postSolution
		{87C863F0-6E90-4841-B1F2-8B0EDCF3235E}.Debug|Any CPU.ActiveCfg = Debug|x86
		{87C863F0-6E90-4841-B1F2-8B0EDCF3235E}.Debug|Mixed Platforms.ActiveCfg = Debug|x86
		{87C863F0-6E90-4841-B1F2-8B0EDCF3235E}.Debug|Mixed Platforms.Build.0 = Debug|x86
		{87C863F0-6E90-4841-B1F2-8B0EDCF3235E}.Debug|x86.ActiveCfg = Debug|x86
		{87C863F0-6E90-4841-B1F2-8B0EDCF3235E}.Debug|x86.Build.0 = Debug|x86
		{87C863F0-6E90-4841-B1F2-8B0EDCF3235E}.Release|Any CPU.ActiveCfg = Release|x86
		{87C863F0-6E90-4841-B1F2-8B0EDCF3235E}.Release|Mixed Platforms.ActiveCfg = Release|x86
		{87C863F0-6E90-4841-B1F2-8B0EDCF3235E}.Release|Mixed Platforms.Build.0 = Release|x86
		{87C863F0-6E90-4841-B1F2-8B0EDCF3235E}.Release|x86.ActiveCfg = Release|x86
		{87C863F0-6E90-4841-B1F2-8B0EDCF3235E}.Release|x86.Build.0 = Release|x86
		{B8FBFFD1-604A-4660-B0F6-D8837D48DBAD}.Debug|Any CPU.ActiveCfg = Debug|x86
		{B8FBFFD1-604A-4660-B0F6-D8837D48DBAD}.Debug|Mixed Platforms.ActiveCfg = Debug|x86
		{B8FBFFD1-604A-4660-B0F6-D8837D48DBAD}.Debug|Mixed Platforms.Build.0 = Debug|x86
		{B8FBFFD1-604A-4660-B0F6-D8837D48DBAD}.Debug|x86.ActiveCfg = Debug|x86
		{B8FBFFD1-604A-4660-B0F6-D8837D48DBAD}.Debug|x86.Build.0 = Debug|x86
		{B8FBFFD1-604A-4660-B0F6-D8837D48DBAD}.Release|Any CPU.ActiveCfg = Release|x86
		{B8FBFFD1-604A-4660-B0F6-D8837D48DBAD}.Release|Mixed Platforms.ActiveCfg = Release|x86
		{B8FBFFD1-604A-4660-B0F6-D8837D48DBAD}.Release|Mixed Platforms.Build.0 = Release|x86
		{B8FBFFD1-604A-4660-B0F6-D8837D48DBAD}.Release|x86.ActiveCfg = Release|x86
		{B8FBFFD1-604A-4660-B0F6-D8837D48DBAD}.Release|x86.Build.0 = Release|x86
		{71010F08-B6DF-42AB-8DE9-CB3725FF9707}.Debug|Any CPU.ActiveCfg = Debug|x86
		{71010F08-B6DF-42AB-8DE9-CB3725FF9707}.Debug|Mixed Platforms.ActiveCfg = Debug|x86
		{71010F08-B6DF-42AB-8DE9-CB3725FF9707}.Debug|Mixed Platforms.Build.0 = Debug|x86
		{71010F08-B6DF-42AB-8DE9-CB3725FF9707}.Debug|x86.ActiveCfg = Debug|x86
		{71010F08-B6DF-42AB-8DE9-CB3725FF9707}.Debug|x86.Build.0 = Debug|x86
		{71010F08-B6DF-42AB-8DE9-CB3725FF9707}.Release|Any CPU.ActiveCfg = Release|x86
		{71010F08-B6DF-42AB-8DE9-CB3725FF9707}.Release|Mixed Platforms.ActiveCfg = Release|x86
		{71010F08-B6DF-42AB-8DE9-CB3725FF9707}.Release|Mixed Platforms.Build.0 = Release|x86
		{71010F08-B6DF-42AB-8DE9-CB3725FF9707}.Release|x86.ActiveCfg = Release|x86
		{71010F08-B6DF-42AB-8DE9-CB3725FF9707}.Release|x86.Build.0 = Release|x86
		{0C7627CF-BA88-47C8-886F-3FD3B8B91D7A}.Debug|Any CPU.ActiveCfg = Debug|Any CPU
		{0C7627CF-BA88-47C8-886F-3FD3B8B91D7A}.Debug|Any CPU.Build.0 = Debug|Any CPU
		{0C7627CF-BA88-47C8-886F-3FD3B8B91D7A}.Debug|Any CPU.Deploy.0 = Debug|Any CPU
		{0C7627CF-BA88-47C8-886F-3FD3B8B91D7A}.Debug|Mixed Platforms.ActiveCfg = Debug|Any CPU
		{0C7627CF-BA88-47C8-886F-3FD3B8B91D7A}.Debug|Mixed Platforms.Build.0 = Debug|Any CPU
		{0C7627CF-BA88-47C8-886F-3FD3B8B91D7A}.Debug|Mixed Platforms.Deploy.0 = Debug|Any CPU
		{0C7627CF-BA88-47C8-886F-3FD3B8B91D7A}.Debug|x86.ActiveCfg = Debug|Any CPU
		{0C7627CF-BA88-47C8-886F-3FD3B8B91D7A}.Release|Any CPU.ActiveCfg = Release|Any CPU
		{0C7627CF-BA88-47C8-886F-3FD3B8B91D7A}.Release|Any CPU.Build.0 = Release|Any CPU
		{0C7627CF-BA88-47C8-886F-3FD3B8B91D7A}.Release|Any CPU.Deploy.0 = Release|Any CPU
		{0C7627CF-BA88-47C8-886F-3FD3B8B91D7A}.Release|Mixed Platforms.ActiveCfg = Release|Any CPU
		{0C7627CF-BA88-47C8-886F-3FD3B8B91D7A}.Release|Mixed Platforms.Build.0 = Release|Any CPU
		{0C7627CF-BA88-47C8-886F-3FD3B8B91D7A}.Release|Mixed Platforms.Deploy.0 = Release|Any CPU
		{0C7627CF-BA88-47C8-886F-3FD3B8B91D7A}.Release|x86.ActiveCfg = Release|Any CPU
		{941D3EE6-9FA9-4953-8DFC-0C844E5BAF5E}.Debug|Any CPU.ActiveCfg = Debug|x86
		{941D3EE6-9FA9-4953-8DFC-0C844E5BAF5E}.Debug|Mixed Platforms.ActiveCfg = Debug|x86
		{941D3EE6-9FA9-4953-8DFC-0C844E5BAF5E}.Debug|Mixed Platforms.Build.0 = Debug|x86
		{941D3EE6-9FA9-4953-8DFC-0C844E5BAF5E}.Debug|x86.ActiveCfg = Debug|x86
		{941D3EE6-9FA9-4953-8DFC-0C844E5BAF5E}.Debug|x86.Build.0 = Debug|x86
		{941D3EE6-9FA9-4953-8DFC-0C844E5BAF5E}.Release|Any CPU.ActiveCfg = Release|x86
		{941D3EE6-9FA9-4953-8DFC-0C844E5BAF5E}.Release|Mixed Platforms.ActiveCfg = Release|x86
		{941D3EE6-9FA9-4953-8DFC-0C844E5BAF5E}.Release|Mixed Platforms.Build.0 = Release|x86
		{941D3EE6-9FA9-4953-8DFC-0C844E5BAF5E}.Release|x86.ActiveCfg = Release|x86
		{941D3EE6-9FA9-4953-8DFC-0C844E5BAF5E}.Release|x86.Build.0 = Release|x86
		{BF52B332-B81B-4300-BC7C-05224FD39014}.Debug|Any CPU.ActiveCfg = Debug|Any CPU
		{BF52B332-B81B-4300-BC7C-05224FD39014}.Debug|Any CPU.Build.0 = Debug|Any CPU
		{BF52B332-B81B-4300-BC7C-05224FD39014}.Debug|Mixed Platforms.ActiveCfg = Debug|Any CPU
		{BF52B332-B81B-4300-BC7C-05224FD39014}.Debug|Mixed Platforms.Build.0 = Debug|Any CPU
		{BF52B332-B81B-4300-BC7C-05224FD39014}.Debug|x86.ActiveCfg = Debug|Any CPU
		{BF52B332-B81B-4300-BC7C-05224FD39014}.Release|Any CPU.ActiveCfg = Release|Any CPU
		{BF52B332-B81B-4300-BC7C-05224FD39014}.Release|Any CPU.Build.0 = Release|Any CPU
		{BF52B332-B81B-4300-BC7C-05224FD39014}.Release|Mixed Platforms.ActiveCfg = Release|Any CPU
		{BF52B332-B81B-4300-BC7C-05224FD39014}.Release|Mixed Platforms.Build.0 = Release|Any CPU
		{BF52B332-B81B-4300-BC7C-05224FD39014}.Release|x86.ActiveCfg = Release|Any CPU
	EndGlobalSection
	GlobalSection(SolutionProperties) = preSolution
		HideSolutionNode = FALSE
	EndGlobalSection
EndGlobal
